# This file is automatically @generated by Cargo.
# It is not intended for manual editing.
version = 4

[[package]]
name = "capnp"
version = "0.21.4"
source = "registry+https://github.com/rust-lang/crates.io-index"
checksum = "def25bdbbc2758b363d79129c7f277520e3347e8b647c404d4823591f837c4ad"
dependencies = [
 "embedded-io",
]

[[package]]
name = "capnpc"
version = "0.21.2"
source = "registry+https://github.com/rust-lang/crates.io-index"
checksum = "d93a18ec8176d4a87f1852b6a560b4196729365c01ba3cad03b73a376a23c56e"
dependencies = [
 "capnp",
]

[[package]]
name = "embedded-io"
version = "0.6.1"
source = "registry+https://github.com/rust-lang/crates.io-index"
checksum = "edd0f118536f44f5ccd48bcb8b111bdc3de888b58c74639dfb034a357d0f206d"

[[package]]
name = "protocol"
version = "0.1.0"
dependencies = [
 "capnp",
 "capnpc",
]
